// !$*UTF8*$!
{
	archiveVersion = 1;
	classes = {
	};
	objectVersion = 55;
	objects = {

/* Begin PBXBuildFile section */
		4B3E20B22846E97B00D886F0 /* astronauts.json in Resources */ = {isa = PBXBuildFile; fileRef = 4B3E20B02846E97B00D886F0 /* astronauts.json */; };
		4B3E20B32846E97B00D886F0 /* missions.json in Resources */ = {isa = PBXBuildFile; fileRef = 4B3E20B12846E97B00D886F0 /* missions.json */; };
		4B3E20B52847350D00D886F0 /* Astronaut.swift in Sources */ = {isa = PBXBuildFile; fileRef = 4B3E20B42847350D00D886F0 /* Astronaut.swift */; };
		4B3E20B72847362800D886F0 /* Bundle-Decodable.swift in Sources */ = {isa = PBXBuildFile; fileRef = 4B3E20B62847362800D886F0 /* Bundle-Decodable.swift */; };
		4B3E20B928473A5200D886F0 /* Mission.swift in Sources */ = {isa = PBXBuildFile; fileRef = 4B3E20B828473A5200D886F0 /* Mission.swift */; };
		4B3E20BB284742DD00D886F0 /* Color-Theme.swift in Sources */ = {isa = PBXBuildFile; fileRef = 4B3E20BA284742DD00D886F0 /* Color-Theme.swift */; };
		4B795E3B2845C3A300EC7FA4 /* MoonshotApp.swift in Sources */ = {isa = PBXBuildFile; fileRef = 4B795E3A2845C3A300EC7FA4 /* MoonshotApp.swift */; };
		4B795E3D2845C3A300EC7FA4 /* ContentView.swift in Sources */ = {isa = PBXBuildFile; fileRef = 4B795E3C2845C3A300EC7FA4 /* ContentView.swift */; };
		4B795E3F2845C3A400EC7FA4 /* Assets.xcassets in Resources */ = {isa = PBXBuildFile; fileRef = 4B795E3E2845C3A400EC7FA4 /* Assets.xcassets */; };
		4B795E422845C3A400EC7FA4 /* Preview Assets.xcassets in Resources */ = {isa = PBXBuildFile; fileRef = 4B795E412845C3A400EC7FA4 /* Preview Assets.xcassets */; };
		4B7BA2C728486C9F001EEC52 /* CustomDivider.swift in Sources */ = {isa = PBXBuildFile; fileRef = 4B7BA2C628486C9F001EEC52 /* CustomDivider.swift */; };
		4B7BA2C928486D3B001EEC52 /* CrewRoster.swift in Sources */ = {isa = PBXBuildFile; fileRef = 4B7BA2C828486D3B001EEC52 /* CrewRoster.swift */; };
		4B7BA2CB28487122001EEC52 /* GridLayout.swift in Sources */ = {isa = PBXBuildFile; fileRef = 4B7BA2CA28487122001EEC52 /* GridLayout.swift */; };
		4B7BA2CD284871C9001EEC52 /* ListLayout.swift in Sources */ = {isa = PBXBuildFile; fileRef = 4B7BA2CC284871C9001EEC52 /* ListLayout.swift */; };
		4BF6ECC528482E4700037792 /* MissionView.swift in Sources */ = {isa = PBXBuildFile; fileRef = 4BF6ECC428482E4700037792 /* MissionView.swift */; };
		4BF6ECC728485C9A00037792 /* AstronautView.swift in Sources */ = {isa = PBXBuildFile; fileRef = 4BF6ECC628485C9A00037792 /* AstronautView.swift */; };
/* End PBXBuildFile section */

/* Begin PBXFileReference section */
		4B3E20B02846E97B00D886F0 /* astronauts.json */ = {isa = PBXFileReference; fileEncoding = 4; lastKnownFileType = text.json; path = astronauts.json; sourceTree = "<group>"; };
		4B3E20B12846E97B00D886F0 /* missions.json */ = {isa = PBXFileReference; fileEncoding = 4; lastKnownFileType = text.json; path = missions.json; sourceTree = "<group>"; };
		4B3E20B42847350D00D886F0 /* Astronaut.swift */ = {isa = PBXFileReference; lastKnownFileType = sourcecode.swift; path = Astronaut.swift; sourceTree = "<group>"; };
		4B3E20B62847362800D886F0 /* Bundle-Decodable.swift */ = {isa = PBXFileReference; lastKnownFileType = sourcecode.swift; path = "Bundle-Decodable.swift"; sourceTree = "<group>"; };
		4B3E20B828473A5200D886F0 /* Mission.swift */ = {isa = PBXFileReference; lastKnownFileType = sourcecode.swift; path = Mission.swift; sourceTree = "<group>"; };
		4B3E20BA284742DD00D886F0 /* Color-Theme.swift */ = {isa = PBXFileReference; lastKnownFileType = sourcecode.swift; path = "Color-Theme.swift"; sourceTree = "<group>"; };
		4B795E372845C3A300EC7FA4 /* Moonshot.app */ = {isa = PBXFileReference; explicitFileType = wrapper.application; includeInIndex = 0; path = Moonshot.app; sourceTree = BUILT_PRODUCTS_DIR; };
		4B795E3A2845C3A300EC7FA4 /* MoonshotApp.swift */ = {isa = PBXFileReference; lastKnownFileType = sourcecode.swift; path = MoonshotApp.swift; sourceTree = "<group>"; };
		4B795E3C2845C3A300EC7FA4 /* ContentView.swift */ = {isa = PBXFileReference; lastKnownFileType = sourcecode.swift; path = ContentView.swift; sourceTree = "<group>"; };
		4B795E3E2845C3A400EC7FA4 /* Assets.xcassets */ = {isa = PBXFileReference; lastKnownFileType = folder.assetcatalog; path = Assets.xcassets; sourceTree = "<group>"; };
		4B795E412845C3A400EC7FA4 /* Preview Assets.xcassets */ = {isa = PBXFileReference; lastKnownFileType = folder.assetcatalog; path = "Preview Assets.xcassets"; sourceTree = "<group>"; };
		4B7BA2C628486C9F001EEC52 /* CustomDivider.swift */ = {isa = PBXFileReference; lastKnownFileType = sourcecode.swift; path = CustomDivider.swift; sourceTree = "<group>"; };
		4B7BA2C828486D3B001EEC52 /* CrewRoster.swift */ = {isa = PBXFileReference; lastKnownFileType = sourcecode.swift; path = CrewRoster.swift; sourceTree = "<group>"; };
		4B7BA2CA28487122001EEC52 /* GridLayout.swift */ = {isa = PBXFileReference; lastKnownFileType = sourcecode.swift; path = GridLayout.swift; sourceTree = "<group>"; };
		4B7BA2CC284871C9001EEC52 /* ListLayout.swift */ = {isa = PBXFileReference; lastKnownFileType = sourcecode.swift; path = ListLayout.swift; sourceTree = "<group>"; };
		4BF6ECC428482E4700037792 /* MissionView.swift */ = {isa = PBXFileReference; lastKnownFileType = sourcecode.swift; path = MissionView.swift; sourceTree = "<group>"; };
		4BF6ECC628485C9A00037792 /* AstronautView.swift */ = {isa = PBXFileReference; lastKnownFileType = sourcecode.swift; path = AstronautView.swift; sourceTree = "<group>"; };
/* End PBXFileReference section */

/* Begin PBXFrameworksBuildPhase section */
		4B795E342845C3A300EC7FA4 /* Frameworks */ = {
			isa = PBXFrameworksBuildPhase;
			buildActionMask = 2147483647;
			files = (
			);
			runOnlyForDeploymentPostprocessing = 0;
		};
/* End PBXFrameworksBuildPhase section */

/* Begin PBXGroup section */
		4B795E2E2845C3A300EC7FA4 = {
			isa = PBXGroup;
			children = (
				4B795E392845C3A300EC7FA4 /* Moonshot */,
				4B795E382845C3A300EC7FA4 /* Products */,
			);
			sourceTree = "<group>";
		};
		4B795E382845C3A300EC7FA4 /* Products */ = {
			isa = PBXGroup;
			children = (
				4B795E372845C3A300EC7FA4 /* Moonshot.app */,
			);
			name = Products;
			sourceTree = "<group>";
		};
		4B795E392845C3A300EC7FA4 /* Moonshot */ = {
			isa = PBXGroup;
			children = (
				4B795E3A2845C3A300EC7FA4 /* MoonshotApp.swift */,
				4B795E3C2845C3A300EC7FA4 /* ContentView.swift */,
				4B7BA2CC284871C9001EEC52 /* ListLayout.swift */,
				4B7BA2CA28487122001EEC52 /* GridLayout.swift */,
				4BF6ECC428482E4700037792 /* MissionView.swift */,
				4B7BA2C828486D3B001EEC52 /* CrewRoster.swift */,
				4B7BA2C628486C9F001EEC52 /* CustomDivider.swift */,
				4BF6ECC628485C9A00037792 /* AstronautView.swift */,
				4B3E20BA284742DD00D886F0 /* Color-Theme.swift */,
				4B3E20B42847350D00D886F0 /* Astronaut.swift */,
				4B3E20B828473A5200D886F0 /* Mission.swift */,
				4B3E20B62847362800D886F0 /* Bundle-Decodable.swift */,
				4B3E20B02846E97B00D886F0 /* astronauts.json */,
				4B3E20B12846E97B00D886F0 /* missions.json */,
				4B795E3E2845C3A400EC7FA4 /* Assets.xcassets */,
				4B795E402845C3A400EC7FA4 /* Preview Content */,
			);
			path = Moonshot;
			sourceTree = "<group>";
		};
		4B795E402845C3A400EC7FA4 /* Preview Content */ = {
			isa = PBXGroup;
			children = (
				4B795E412845C3A400EC7FA4 /* Preview Assets.xcassets */,
			);
			path = "Preview Content";
			sourceTree = "<group>";
		};
/* End PBXGroup section */

/* Begin PBXNativeTarget section */
		4B795E362845C3A300EC7FA4 /* Moonshot */ = {
			isa = PBXNativeTarget;
			buildConfigurationList = 4B795E452845C3A400EC7FA4 /* Build configuration list for PBXNativeTarget "Moonshot" */;
			buildPhases = (
				4B795E332845C3A300EC7FA4 /* Sources */,
				4B795E342845C3A300EC7FA4 /* Frameworks */,
				4B795E352845C3A300EC7FA4 /* Resources */,
			);
			buildRules = (
			);
			dependencies = (
			);
			name = Moonshot;
			productName = Moonshot;
			productReference = 4B795E372845C3A300EC7FA4 /* Moonshot.app */;
			productType = "com.apple.product-type.application";
		};
/* End PBXNativeTarget section */

/* Begin PBXProject section */
		4B795E2F2845C3A300EC7FA4 /* Project object */ = {
			isa = PBXProject;
			attributes = {
				BuildIndependentTargetsInParallel = 1;
				LastSwiftUpdateCheck = 1340;
				LastUpgradeCheck = 1340;
				TargetAttributes = {
					4B795E362845C3A300EC7FA4 = {
						CreatedOnToolsVersion = 13.4;
					};
				};
			};
			buildConfigurationList = 4B795E322845C3A300EC7FA4 /* Build configuration list for PBXProject "Moonshot" */;
			compatibilityVersion = "Xcode 13.0";
			developmentRegion = en;
			hasScannedForEncodings = 0;
			knownRegions = (
				en,
				Base,
			);
			mainGroup = 4B795E2E2845C3A300EC7FA4;
			productRefGroup = 4B795E382845C3A300EC7FA4 /* Products */;
			projectDirPath = "";
			projectRoot = "";
			targets = (
				4B795E362845C3A300EC7FA4 /* Moonshot */,
			);
		};
/* End PBXProject section */

/* Begin PBXResourcesBuildPhase section */
		4B795E352845C3A300EC7FA4 /* Resources */ = {
			isa = PBXResourcesBuildPhase;
			buildActionMask = 2147483647;
			files = (
				4B3E20B22846E97B00D886F0 /* astronauts.json in Resources */,
				4B795E422845C3A400EC7FA4 /* Preview Assets.xcassets in Resources */,
				4B3E20B32846E97B00D886F0 /* missions.json in Resources */,
				4B795E3F2845C3A400EC7FA4 /* Assets.xcassets in Resources */,
			);
			runOnlyForDeploymentPostprocessing = 0;
		};
/* End PBXResourcesBuildPhase section */

/* Begin PBXSourcesBuildPhase section */
		4B795E332845C3A300EC7FA4 /* Sources */ = {
			isa = PBXSourcesBuildPhase;
			buildActionMask = 2147483647;
			files = (
				4BF6ECC528482E4700037792 /* MissionView.swift in Sources */,
				4B3E20B52847350D00D886F0 /* Astronaut.swift in Sources */,
				4BF6ECC728485C9A00037792 /* AstronautView.swift in Sources */,
				4B7BA2C928486D3B001EEC52 /* CrewRoster.swift in Sources */,
				4B3E20BB284742DD00D886F0 /* Color-Theme.swift in Sources */,
				4B795E3D2845C3A300EC7FA4 /* ContentView.swift in Sources */,
				4B795E3B2845C3A300EC7FA4 /* MoonshotApp.swift in Sources */,
				4B3E20B928473A5200D886F0 /* Mission.swift in Sources */,
				4B3E20B72847362800D886F0 /* Bundle-Decodable.swift in Sources */,
				4B7BA2CD284871C9001EEC52 /* ListLayout.swift in Sources */,
				4B7BA2C728486C9F001EEC52 /* CustomDivider.swift in Sources */,
				4B7BA2CB28487122001EEC52 /* GridLayout.swift in Sources */,
			);
			runOnlyForDeploymentPostprocessing = 0;
		};
/* End PBXSourcesBuildPhase section */

/* Begin XCBuildConfiguration section */
		4B795E432845C3A400EC7FA4 /* Debug */ = {
			isa = XCBuildConfiguration;
			buildSettings = {
				ALWAYS_SEARCH_USER_PATHS = NO;
				CLANG_ANALYZER_NONNULL = YES;
				CLANG_ANALYZER_NUMBER_OBJECT_CONVERSION = YES_AGGRESSIVE;
				CLANG_CXX_LANGUAGE_STANDARD = "gnu++17";
				CLANG_ENABLE_MODULES = YES;
				CLANG_ENABLE_OBJC_ARC = YES;
				CLANG_ENABLE_OBJC_WEAK = YES;
				CLANG_WARN_BLOCK_CAPTURE_AUTORELEASING = YES;
				CLANG_WARN_BOOL_CONVERSION = YES;
				CLANG_WARN_COMMA = YES;
				CLANG_WARN_CONSTANT_CONVERSION = YES;
				CLANG_WARN_DEPRECATED_OBJC_IMPLEMENTATIONS = YES;
				CLANG_WARN_DIRECT_OBJC_ISA_USAGE = YES_ERROR;
				CLANG_WARN_DOCUMENTATION_COMMENTS = YES;
				CLANG_WARN_EMPTY_BODY = YES;
				CLANG_WARN_ENUM_CONVERSION = YES;
				CLANG_WARN_INFINITE_RECURSION = YES;
				CLANG_WARN_INT_CONVERSION = YES;
				CLANG_WARN_NON_LITERAL_NULL_CONVERSION = YES;
				CLANG_WARN_OBJC_IMPLICIT_RETAIN_SELF = YES;
				CLANG_WARN_OBJC_LITERAL_CONVERSION = YES;
				CLANG_WARN_OBJC_ROOT_CLASS = YES_ERROR;
				CLANG_WARN_QUOTED_INCLUDE_IN_FRAMEWORK_HEADER = YES;
				CLANG_WARN_RANGE_LOOP_ANALYSIS = YES;
				CLANG_WARN_STRICT_PROTOTYPES = YES;
				CLANG_WARN_SUSPICIOUS_MOVE = YES;
				CLANG_WARN_UNGUARDED_AVAILABILITY = YES_AGGRESSIVE;
				CLANG_WARN_UNREACHABLE_CODE = YES;
				CLANG_WARN__DUPLICATE_METHOD_MATCH = YES;
				COPY_PHASE_STRIP = NO;
				DEBUG_INFORMATION_FORMAT = dwarf;
				ENABLE_STRICT_OBJC_MSGSEND = YES;
				ENABLE_TESTABILITY = YES;
				GCC_C_LANGUAGE_STANDARD = gnu11;
				GCC_DYNAMIC_NO_PIC = NO;
				GCC_NO_COMMON_BLOCKS = YES;
				GCC_OPTIMIZATION_LEVEL = 0;
				GCC_PREPROCESSOR_DEFINITIONS = (
					"DEBUG=1",
					"$(inherited)",
				);
				GCC_WARN_64_TO_32_BIT_CONVERSION = YES;
				GCC_WARN_ABOUT_RETURN_TYPE = YES_ERROR;
				GCC_WARN_UNDECLARED_SELECTOR = YES;
				GCC_WARN_UNINITIALIZED_AUTOS = YES_AGGRESSIVE;
				GCC_WARN_UNUSED_FUNCTION = YES;
				GCC_WARN_UNUSED_VARIABLE = YES;
				IPHONEOS_DEPLOYMENT_TARGET = 15.5;
				MTL_ENABLE_DEBUG_INFO = INCLUDE_SOURCE;
				MTL_FAST_MATH = YES;
				ONLY_ACTIVE_ARCH = YES;
				SDKROOT = iphoneos;
				SWIFT_ACTIVE_COMPILATION_CONDITIONS = DEBUG;
				SWIFT_OPTIMIZATION_LEVEL = "-Onone";
			};
			name = Debug;
		};
		4B795E442845C3A400EC7FA4 /* Release */ = {
			isa = XCBuildConfiguration;
			buildSettings = {
				ALWAYS_SEARCH_USER_PATHS = NO;
				CLANG_ANALYZER_NONNULL = YES;
				CLANG_ANALYZER_NUMBER_OBJECT_CONVERSION = YES_AGGRESSIVE;
				CLANG_CXX_LANGUAGE_STANDARD = "gnu++17";
				CLANG_ENABLE_MODULES = YES;
				CLANG_ENABLE_OBJC_ARC = YES;
				CLANG_ENABLE_OBJC_WEAK = YES;
				CLANG_WARN_BLOCK_CAPTURE_AUTORELEASING = YES;
				CLANG_WARN_BOOL_CONVERSION = YES;
				CLANG_WARN_COMMA = YES;
				CLANG_WARN_CONSTANT_CONVERSION = YES;
				CLANG_WARN_DEPRECATED_OBJC_IMPLEMENTATIONS = YES;
				CLANG_WARN_DIRECT_OBJC_ISA_USAGE = YES_ERROR;
				CLANG_WARN_DOCUMENTATION_COMMENTS = YES;
				CLANG_WARN_EMPTY_BODY = YES;
				CLANG_WARN_ENUM_CONVERSION = YES;
				CLANG_WARN_INFINITE_RECURSION = YES;
				CLANG_WARN_INT_CONVERSION = YES;
				CLANG_WARN_NON_LITERAL_NULL_CONVERSION = YES;
				CLANG_WARN_OBJC_IMPLICIT_RETAIN_SELF = YES;
				CLANG_WARN_OBJC_LITERAL_CONVERSION = YES;
				CLANG_WARN_OBJC_ROOT_CLASS = YES_ERROR;
				CLANG_WARN_QUOTED_INCLUDE_IN_FRAMEWORK_HEADER = YES;
				CLANG_WARN_RANGE_LOOP_ANALYSIS = YES;
				CLANG_WARN_STRICT_PROTOTYPES = YES;
				CLANG_WARN_SUSPICIOUS_MOVE = YES;
				CLANG_WARN_UNGUARDED_AVAILABILITY = YES_AGGRESSIVE;
				CLANG_WARN_UNREACHABLE_CODE = YES;
				CLANG_WARN__DUPLICATE_METHOD_MATCH = YES;
				COPY_PHASE_STRIP = NO;
				DEBUG_INFORMATION_FORMAT = "dwarf-with-dsym";
				ENABLE_NS_ASSERTIONS = NO;
				ENABLE_STRICT_OBJC_MSGSEND = YES;
				GCC_C_LANGUAGE_STANDARD = gnu11;
				GCC_NO_COMMON_BLOCKS = YES;
				GCC_WARN_64_TO_32_BIT_CONVERSION = YES;
				GCC_WARN_ABOUT_RETURN_TYPE = YES_ERROR;
				GCC_WARN_UNDECLARED_SELECTOR = YES;
				GCC_WARN_UNINITIALIZED_AUTOS = YES_AGGRESSIVE;
				GCC_WARN_UNUSED_FUNCTION = YES;
				GCC_WARN_UNUSED_VARIABLE = YES;
				IPHONEOS_DEPLOYMENT_TARGET = 15.5;
				MTL_ENABLE_DEBUG_INFO = NO;
				MTL_FAST_MATH = YES;
				SDKROOT = iphoneos;
				SWIFT_COMPILATION_MODE = wholemodule;
				SWIFT_OPTIMIZATION_LEVEL = "-O";
				VALIDATE_PRODUCT = YES;
			};
			name = Release;
		};
		4B795E462845C3A400EC7FA4 /* Debug */ = {
			isa = XCBuildConfiguration;
			buildSettings = {
				ASSETCATALOG_COMPILER_APPICON_NAME = AppIcon;
				ASSETCATALOG_COMPILER_GLOBAL_ACCENT_COLOR_NAME = AccentColor;
				CODE_SIGN_STYLE = Automatic;
				CURRENT_PROJECT_VERSION = 1;
				DEVELOPMENT_ASSET_PATHS = "\"Moonshot/Preview Content\"";
				DEVELOPMENT_TEAM = WZB32F6QW5;
				ENABLE_PREVIEWS = YES;
				GENERATE_INFOPLIST_FILE = YES;
				INFOPLIST_KEY_UIApplicationSceneManifest_Generation = YES;
				INFOPLIST_KEY_UIApplicationSupportsIndirectInputEvents = YES;
				INFOPLIST_KEY_UILaunchScreen_Generation = YES;
				INFOPLIST_KEY_UISupportedInterfaceOrientations_iPad = "UIInterfaceOrientationPortrait UIInterfaceOrientationPortraitUpsideDown UIInterfaceOrientationLandscapeLeft UIInterfaceOrientationLandscapeRight";
				INFOPLIST_KEY_UISupportedInterfaceOrientations_iPhone = "UIInterfaceOrientationPortrait UIInterfaceOrientationLandscapeLeft UIInterfaceOrientationLandscapeRight";
				LD_RUNPATH_SEARCH_PATHS = (
					"$(inherited)",
					"@executable_path/Frameworks",
				);
				MARKETING_VERSION = 1.0;
				PRODUCT_BUNDLE_IDENTIFIER = quezadamiguel.com.quezadamiguel.Moonshot;
				PRODUCT_NAME = "$(TARGET_NAME)";
				SWIFT_EMIT_LOC_STRINGS = YES;
				SWIFT_VERSION = 5.0;
				TARGETED_DEVICE_FAMILY = "1,2";
			};
			name = Debug;
		};
		4B795E472845C3A400EC7FA4 /* Release */ = {
			isa = XCBuildConfiguration;
			buildSettings = {
				ASSETCATALOG_COMPILER_APPICON_NAME = AppIcon;
				ASSETCATALOG_COMPILER_GLOBAL_ACCENT_COLOR_NAME = AccentColor;
				CODE_SIGN_STYLE = Automatic;
				CURRENT_PROJECT_VERSION = 1;
				DEVELOPMENT_ASSET_PATHS = "\"Moonshot/Preview Content\"";
				DEVELOPMENT_TEAM = WZB32F6QW5;
				ENABLE_PREVIEWS = YES;
				GENERATE_INFOPLIST_FILE = YES;
				INFOPLIST_KEY_UIApplicationSceneManifest_Generation = YES;
				INFOPLIST_KEY_UIApplicationSupportsIndirectInputEvents = YES;
				INFOPLIST_KEY_UILaunchScreen_Generation = YES;
				INFOPLIST_KEY_UISupportedInterfaceOrientations_iPad = "UIInterfaceOrientationPortrait UIInterfaceOrientationPortraitUpsideDown UIInterfaceOrientationLandscapeLeft UIInterfaceOrientationLandscapeRight";
				INFOPLIST_KEY_UISupportedInterfaceOrientations_iPhone = "UIInterfaceOrientationPortrait UIInterfaceOrientationLandscapeLeft UIInterfaceOrientationLandscapeRight";
				LD_RUNPATH_SEARCH_PATHS = (
					"$(inherited)",
					"@executable_path/Frameworks",
				);
				MARKETING_VERSION = 1.0;
				PRODUCT_BUNDLE_IDENTIFIER = quezadamiguel.com.quezadamiguel.Moonshot;
				PRODUCT_NAME = "$(TARGET_NAME)";
				SWIFT_EMIT_LOC_STRINGS = YES;
				SWIFT_VERSION = 5.0;
				TARGETED_DEVICE_FAMILY = "1,2";
			};
			name = Release;
		};
/* End XCBuildConfiguration section */

/* Begin XCConfigurationList section */
		4B795E322845C3A300EC7FA4 /* Build configuration list for PBXProject "Moonshot" */ = {
			isa = XCConfigurationList;
			buildConfigurations = (
				4B795E432845C3A400EC7FA4 /* Debug */,
				4B795E442845C3A400EC7FA4 /* Release */,
			);
			defaultConfigurationIsVisible = 0;
			defaultConfigurationName = Release;
		};
		4B795E452845C3A400EC7FA4 /* Build configuration list for PBXNativeTarget "Moonshot" */ = {
			isa = XCConfigurationList;
			buildConfigurations = (
				4B795E462845C3A400EC7FA4 /* Debug */,
				4B795E472845C3A400EC7FA4 /* Release */,
			);
			defaultConfigurationIsVisible = 0;
			defaultConfigurationName = Release;
		};
/* End XCConfigurationList section */
	};
	rootObject = 4B795E2F2845C3A300EC7FA4 /* Project object */;
}
